
Microsoft Visual Studio Solution File, Format Version 12.00
# Visual Studio Version 17
VisualStudioVersion = 17.12.35728.132
MinimumVisualStudioVersion = 10.0.40219.1
Project("{2150E333-8FDC-42A3-9474-1A3956D46DE8}") = "01.First steps in coding", "01.First steps in coding", "{78DF3F7F-2E29-48C3-B13F-325CACDE59C1}"
EndProject
Project("{8BC9CEB8-8B4A-11D0-8D11-00A0C91BC942}") = "01.HelloSoftUni", "01.First steps in coding\01.HelloSoftUni\01.HelloSoftUni.vcxproj", "{09CDAF1A-1B10-4C69-BC4F-4C971034C113}"
EndProject
Project("{8BC9CEB8-8B4A-11D0-8D11-00A0C91BC942}") = "02.Nums1To10", "01.First steps in coding\02.Nums1To10\02.Nums1To10.vcxproj", "{7F5705BA-AD98-4B05-83DB-5341A7CB1DBA}"
EndProject
Project("{8BC9CEB8-8B4A-11D0-8D11-00A0C91BC942}") = "03.RectangleArea", "01.First steps in coding\03.RectangleArea\03.RectangleArea.vcxproj", "{D10EBDC2-F18C-4564-8525-939159DAA4A4}"
EndProject
Project("{8BC9CEB8-8B4A-11D0-8D11-00A0C91BC942}") = "04.InchToCm", "01.First steps in coding\04.InchToCm\04.InchToCm.vcxproj", "{A36642AD-5A6D-4CDD-BA46-178DE174C604}"
EndProject
Project("{8BC9CEB8-8B4A-11D0-8D11-00A0C91BC942}") = "05.GreetingByName", "01.First steps in coding\05.GreetingByName\05.GreetingByName.vcxproj", "{121696BC-A23D-485E-9F5B-7B8EDAF064A4}"
EndProject
Project("{8BC9CEB8-8B4A-11D0-8D11-00A0C91BC942}") = "06.ConcatenateData", "01.First steps in coding\06.ConcatenateData\06.ConcatenateData.vcxproj", "{7B4F7DD1-998D-49BA-B772-CA3477AB6E39}"
EndProject
Project("{8BC9CEB8-8B4A-11D0-8D11-00A0C91BC942}") = "07.ProjectsCreation", "01.First steps in coding\07.ProjectsCreation\07.ProjectsCreation.vcxproj", "{D33F5F41-5856-48BB-9CA4-FA2749858990}"
EndProject
Project("{8BC9CEB8-8B4A-11D0-8D11-00A0C91BC942}") = "08.PetShop", "01.First steps in coding\08.PetShop\08.PetShop.vcxproj", "{6D9A9DC2-883F-4C15-8D62-7D0087DA0699}"
EndProject
Project("{8BC9CEB8-8B4A-11D0-8D11-00A0C91BC942}") = "09.YardGreening", "01.First steps in coding\09.YardGreening\09.YardGreening.vcxproj", "{9EB9781B-FA06-4508-95B8-5C3CA6DAAC2A}"
EndProject
Project("{8BC9CEB8-8B4A-11D0-8D11-00A0C91BC942}") = "01.1.USDToBGN", "01.First steps in coding\01.1.USDToBGN\01.1.USDToBGN.vcxproj", "{ED73294A-0E01-4AE2-A658-753EA93F2B6C}"
EndProject
Project("{8BC9CEB8-8B4A-11D0-8D11-00A0C91BC942}") = "01.2.RadiansToDegrees", "01.First steps in coding\01.2.RadiansToDegrees\01.2.RadiansToDegrees.vcxproj", "{70A307A9-507F-4B7B-BC20-9100944F6008}"
EndProject
Project("{8BC9CEB8-8B4A-11D0-8D11-00A0C91BC942}") = "01.3.DepositCalculator", "01.First steps in coding\01.3.DepositCalculator\01.3.DepositCalculator.vcxproj", "{9A3E1EAF-EED3-4E84-B925-5B38AD99C97F}"
EndProject
Project("{8BC9CEB8-8B4A-11D0-8D11-00A0C91BC942}") = "01.4.VacationBooksList", "01.First steps in coding\01.4.VacationBooksList\01.4.VacationBooksList.vcxproj", "{63CDE78D-7BEA-414C-AE7D-04137B911EB0}"
EndProject
Project("{8BC9CEB8-8B4A-11D0-8D11-00A0C91BC942}") = "01.5.SuppliesForSchool", "01.First steps in coding\01.5.SuppliesForSchool\01.5.SuppliesForSchool.vcxproj", "{AB1A7666-7C05-451E-8296-B963CDB14995}"
EndProject
Project("{8BC9CEB8-8B4A-11D0-8D11-00A0C91BC942}") = "01.6.Repainting", "01.First steps in coding\01.6.Repainting\01.6.Repainting.vcxproj", "{62DD7EEB-8810-4243-900A-391C3112B574}"
EndProject
Project("{8BC9CEB8-8B4A-11D0-8D11-00A0C91BC942}") = "01.7.FoodDelivery", "01.First steps in coding\01.7.FoodDelivery\01.7.FoodDelivery.vcxproj", "{C9DBAE5C-3829-444E-836D-5DAD9F0FA11F}"
EndProject
Project("{8BC9CEB8-8B4A-11D0-8D11-00A0C91BC942}") = "01.8.BasketballEquipment", "01.First steps in coding\01.8.BasketballEquipment\01.8.BasketballEquipment.vcxproj", "{4F7BD300-116A-4522-A2F5-4BC42D79392A}"
EndProject
Project("{8BC9CEB8-8B4A-11D0-8D11-00A0C91BC942}") = "01.9.FishTank", "01.First steps in coding\01.9.FishTank\01.9.FishTank.vcxproj", "{7AF65759-E59A-4EFC-A087-5B00AE1E9108}"
EndProject
Project("{2150E333-8FDC-42A3-9474-1A3956D46DE8}") = "02.Conditional statements", "02.Conditional statements", "{02EA681E-C7D8-13C7-8484-4AC65E1B71E8}"
EndProject
Project("{8BC9CEB8-8B4A-11D0-8D11-00A0C91BC942}") = "01.ExcellentResult", "02.Conditional statements\01.ExcellentResult\01.ExcellentResult.vcxproj", "{E1569A94-3819-4CDE-BF82-F03FC6B1DAA3}"
EndProject
Project("{8BC9CEB8-8B4A-11D0-8D11-00A0C91BC942}") = "02.GreaterNumber", "02.Conditional statements\02.GreaterNumber\02.GreaterNumber.vcxproj", "{AD7F11E7-104E-4531-B392-3688B0781CEE}"
EndProject
Project("{8BC9CEB8-8B4A-11D0-8D11-00A0C91BC942}") = "03.EvenOrOdd", "02.Conditional statements\03.EvenOrOdd\03.EvenOrOdd.vcxproj", "{630BDFD4-65FC-4EF8-B59B-94D03E26CA64}"
EndProject
Project("{8BC9CEB8-8B4A-11D0-8D11-00A0C91BC942}") = "04.PasswordGuess", "02.Conditional statements\04.PasswordGuess\04.PasswordGuess.vcxproj", "{C9AFF854-2F2C-4E60-8F68-FE5D0B2AE5BB}"
EndProject
Project("{8BC9CEB8-8B4A-11D0-8D11-00A0C91BC942}") = "05.Number100To200", "02.Conditional statements\05.Number100To200\05.Number100To200.vcxproj", "{3A95C772-7CC1-469B-ACD5-DFE3ED788E53}"
EndProject
Project("{8BC9CEB8-8B4A-11D0-8D11-00A0C91BC942}") = "06.SpeedInfo", "02.Conditional statements\06.SpeedInfo\06.SpeedInfo.vcxproj", "{74ABCEEE-6006-44FA-AC97-B43EC89BF7F8}"
EndProject
Project("{8BC9CEB8-8B4A-11D0-8D11-00A0C91BC942}") = "07.AreaOfFigures", "02.Conditional statements\07.AreaOfFigures\07.AreaOfFigures.vcxproj", "{BDF09227-47CC-4FA1-A68F-6C94D388ECE2}"
EndProject
Project("{8BC9CEB8-8B4A-11D0-8D11-00A0C91BC942}") = "01.1.SumSeconds", "02.Conditional statements\01.1.SumSeconds\01.1.SumSeconds.vcxproj", "{B86EE410-68D2-4D0E-B6F0-C4479B7A927A}"
EndProject
Project("{8BC9CEB8-8B4A-11D0-8D11-00A0C91BC942}") = "01.2.BonusScore", "02.Conditional statements\01.2.BonusScore\01.2.BonusScore.vcxproj", "{1812626A-F00E-4E1D-8102-58D1EC6B0C03}"
EndProject
Project("{8BC9CEB8-8B4A-11D0-8D11-00A0C91BC942}") = "01.3.Time+15Minutes", "02.Conditional statements\01.3.Time+15Minutes\01.3.Time+15Minutes.vcxproj", "{E575914A-91A8-45D7-B566-8EDA631B46F3}"
EndProject
Project("{8BC9CEB8-8B4A-11D0-8D11-00A0C91BC942}") = "01.4.ToyShop", "02.Conditional statements\01.4.ToyShop\01.4.ToyShop.vcxproj", "{47F67C2F-4C67-4E3D-B25F-BDEDC2BC62AF}"
EndProject
Project("{8BC9CEB8-8B4A-11D0-8D11-00A0C91BC942}") = "01.5.GodzillaVsKong", "02.Conditional statements\01.5.GodzillaVsKong\01.5.GodzillaVsKong.vcxproj", "{5BF6EF38-F9F9-4DF5-8F6C-5C6312456A65}"
EndProject
Project("{8BC9CEB8-8B4A-11D0-8D11-00A0C91BC942}") = "01.6.WorldSwimmingRecord", "02.Conditional statements\01.6.WorldSwimmingRecord\01.6.WorldSwimmingRecord.vcxproj", "{AE1ABA4A-E4E4-498B-974D-07BEC4E1EC3E}"
EndProject
Project("{8BC9CEB8-8B4A-11D0-8D11-00A0C91BC942}") = "01.7.Shopping", "02.Conditional statements\01.7.Shopping\01.7.Shopping.vcxproj", "{EB2F0599-CB0B-4261-900D-13A7B1B493CD}"
EndProject
Project("{8BC9CEB8-8B4A-11D0-8D11-00A0C91BC942}") = "01.8.LunchBreak", "02.Conditional statements\01.8.LunchBreak\01.8.LunchBreak.vcxproj", "{11416ADE-6249-4F3F-8010-1C3286A41FA7}"
EndProject
Global
	GlobalSection(SolutionConfigurationPlatforms) = preSolution
		Debug|x64 = Debug|x64
		Debug|x86 = Debug|x86
		Release|x64 = Release|x64
		Release|x86 = Release|x86
	EndGlobalSection
	GlobalSection(ProjectConfigurationPlatforms) = postSolution
		{09CDAF1A-1B10-4C69-BC4F-4C971034C113}.Debug|x64.ActiveCfg = Debug|x64
		{09CDAF1A-1B10-4C69-BC4F-4C971034C113}.Debug|x64.Build.0 = Debug|x64
		{09CDAF1A-1B10-4C69-BC4F-4C971034C113}.Debug|x86.ActiveCfg = Debug|Win32
		{09CDAF1A-1B10-4C69-BC4F-4C971034C113}.Debug|x86.Build.0 = Debug|Win32
		{09CDAF1A-1B10-4C69-BC4F-4C971034C113}.Release|x64.ActiveCfg = Release|x64
		{09CDAF1A-1B10-4C69-BC4F-4C971034C113}.Release|x64.Build.0 = Release|x64
		{09CDAF1A-1B10-4C69-BC4F-4C971034C113}.Release|x86.ActiveCfg = Release|Win32
		{09CDAF1A-1B10-4C69-BC4F-4C971034C113}.Release|x86.Build.0 = Release|Win32
		{7F5705BA-AD98-4B05-83DB-5341A7CB1DBA}.Debug|x64.ActiveCfg = Debug|x64
		{7F5705BA-AD98-4B05-83DB-5341A7CB1DBA}.Debug|x64.Build.0 = Debug|x64
		{7F5705BA-AD98-4B05-83DB-5341A7CB1DBA}.Debug|x86.ActiveCfg = Debug|Win32
		{7F5705BA-AD98-4B05-83DB-5341A7CB1DBA}.Debug|x86.Build.0 = Debug|Win32
		{7F5705BA-AD98-4B05-83DB-5341A7CB1DBA}.Release|x64.ActiveCfg = Release|x64
		{7F5705BA-AD98-4B05-83DB-5341A7CB1DBA}.Release|x64.Build.0 = Release|x64
		{7F5705BA-AD98-4B05-83DB-5341A7CB1DBA}.Release|x86.ActiveCfg = Release|Win32
		{7F5705BA-AD98-4B05-83DB-5341A7CB1DBA}.Release|x86.Build.0 = Release|Win32
		{D10EBDC2-F18C-4564-8525-939159DAA4A4}.Debug|x64.ActiveCfg = Debug|x64
		{D10EBDC2-F18C-4564-8525-939159DAA4A4}.Debug|x64.Build.0 = Debug|x64
		{D10EBDC2-F18C-4564-8525-939159DAA4A4}.Debug|x86.ActiveCfg = Debug|Win32
		{D10EBDC2-F18C-4564-8525-939159DAA4A4}.Debug|x86.Build.0 = Debug|Win32
		{D10EBDC2-F18C-4564-8525-939159DAA4A4}.Release|x64.ActiveCfg = Release|x64
		{D10EBDC2-F18C-4564-8525-939159DAA4A4}.Release|x64.Build.0 = Release|x64
		{D10EBDC2-F18C-4564-8525-939159DAA4A4}.Release|x86.ActiveCfg = Release|Win32
		{D10EBDC2-F18C-4564-8525-939159DAA4A4}.Release|x86.Build.0 = Release|Win32
		{A36642AD-5A6D-4CDD-BA46-178DE174C604}.Debug|x64.ActiveCfg = Debug|x64
		{A36642AD-5A6D-4CDD-BA46-178DE174C604}.Debug|x64.Build.0 = Debug|x64
		{A36642AD-5A6D-4CDD-BA46-178DE174C604}.Debug|x86.ActiveCfg = Debug|Win32
		{A36642AD-5A6D-4CDD-BA46-178DE174C604}.Debug|x86.Build.0 = Debug|Win32
		{A36642AD-5A6D-4CDD-BA46-178DE174C604}.Release|x64.ActiveCfg = Release|x64
		{A36642AD-5A6D-4CDD-BA46-178DE174C604}.Release|x64.Build.0 = Release|x64
		{A36642AD-5A6D-4CDD-BA46-178DE174C604}.Release|x86.ActiveCfg = Release|Win32
		{A36642AD-5A6D-4CDD-BA46-178DE174C604}.Release|x86.Build.0 = Release|Win32
		{121696BC-A23D-485E-9F5B-7B8EDAF064A4}.Debug|x64.ActiveCfg = Debug|x64
		{121696BC-A23D-485E-9F5B-7B8EDAF064A4}.Debug|x64.Build.0 = Debug|x64
		{121696BC-A23D-485E-9F5B-7B8EDAF064A4}.Debug|x86.ActiveCfg = Debug|Win32
		{121696BC-A23D-485E-9F5B-7B8EDAF064A4}.Debug|x86.Build.0 = Debug|Win32
		{121696BC-A23D-485E-9F5B-7B8EDAF064A4}.Release|x64.ActiveCfg = Release|x64
		{121696BC-A23D-485E-9F5B-7B8EDAF064A4}.Release|x64.Build.0 = Release|x64
		{121696BC-A23D-485E-9F5B-7B8EDAF064A4}.Release|x86.ActiveCfg = Release|Win32
		{121696BC-A23D-485E-9F5B-7B8EDAF064A4}.Release|x86.Build.0 = Release|Win32
		{7B4F7DD1-998D-49BA-B772-CA3477AB6E39}.Debug|x64.ActiveCfg = Debug|x64
		{7B4F7DD1-998D-49BA-B772-CA3477AB6E39}.Debug|x64.Build.0 = Debug|x64
		{7B4F7DD1-998D-49BA-B772-CA3477AB6E39}.Debug|x86.ActiveCfg = Debug|Win32
		{7B4F7DD1-998D-49BA-B772-CA3477AB6E39}.Debug|x86.Build.0 = Debug|Win32
		{7B4F7DD1-998D-49BA-B772-CA3477AB6E39}.Release|x64.ActiveCfg = Release|x64
		{7B4F7DD1-998D-49BA-B772-CA3477AB6E39}.Release|x64.Build.0 = Release|x64
		{7B4F7DD1-998D-49BA-B772-CA3477AB6E39}.Release|x86.ActiveCfg = Release|Win32
		{7B4F7DD1-998D-49BA-B772-CA3477AB6E39}.Release|x86.Build.0 = Release|Win32
		{D33F5F41-5856-48BB-9CA4-FA2749858990}.Debug|x64.ActiveCfg = Debug|x64
		{D33F5F41-5856-48BB-9CA4-FA2749858990}.Debug|x64.Build.0 = Debug|x64
		{D33F5F41-5856-48BB-9CA4-FA2749858990}.Debug|x86.ActiveCfg = Debug|Win32
		{D33F5F41-5856-48BB-9CA4-FA2749858990}.Debug|x86.Build.0 = Debug|Win32
		{D33F5F41-5856-48BB-9CA4-FA2749858990}.Release|x64.ActiveCfg = Release|x64
		{D33F5F41-5856-48BB-9CA4-FA2749858990}.Release|x64.Build.0 = Release|x64
		{D33F5F41-5856-48BB-9CA4-FA2749858990}.Release|x86.ActiveCfg = Release|Win32
		{D33F5F41-5856-48BB-9CA4-FA2749858990}.Release|x86.Build.0 = Release|Win32
		{6D9A9DC2-883F-4C15-8D62-7D0087DA0699}.Debug|x64.ActiveCfg = Debug|x64
		{6D9A9DC2-883F-4C15-8D62-7D0087DA0699}.Debug|x64.Build.0 = Debug|x64
		{6D9A9DC2-883F-4C15-8D62-7D0087DA0699}.Debug|x86.ActiveCfg = Debug|Win32
		{6D9A9DC2-883F-4C15-8D62-7D0087DA0699}.Debug|x86.Build.0 = Debug|Win32
		{6D9A9DC2-883F-4C15-8D62-7D0087DA0699}.Release|x64.ActiveCfg = Release|x64
		{6D9A9DC2-883F-4C15-8D62-7D0087DA0699}.Release|x64.Build.0 = Release|x64
		{6D9A9DC2-883F-4C15-8D62-7D0087DA0699}.Release|x86.ActiveCfg = Release|Win32
		{6D9A9DC2-883F-4C15-8D62-7D0087DA0699}.Release|x86.Build.0 = Release|Win32
		{9EB9781B-FA06-4508-95B8-5C3CA6DAAC2A}.Debug|x64.ActiveCfg = Debug|x64
		{9EB9781B-FA06-4508-95B8-5C3CA6DAAC2A}.Debug|x64.Build.0 = Debug|x64
		{9EB9781B-FA06-4508-95B8-5C3CA6DAAC2A}.Debug|x86.ActiveCfg = Debug|Win32
		{9EB9781B-FA06-4508-95B8-5C3CA6DAAC2A}.Debug|x86.Build.0 = Debug|Win32
		{9EB9781B-FA06-4508-95B8-5C3CA6DAAC2A}.Release|x64.ActiveCfg = Release|x64
		{9EB9781B-FA06-4508-95B8-5C3CA6DAAC2A}.Release|x64.Build.0 = Release|x64
		{9EB9781B-FA06-4508-95B8-5C3CA6DAAC2A}.Release|x86.ActiveCfg = Release|Win32
		{9EB9781B-FA06-4508-95B8-5C3CA6DAAC2A}.Release|x86.Build.0 = Release|Win32
		{ED73294A-0E01-4AE2-A658-753EA93F2B6C}.Debug|x64.ActiveCfg = Debug|x64
		{ED73294A-0E01-4AE2-A658-753EA93F2B6C}.Debug|x64.Build.0 = Debug|x64
		{ED73294A-0E01-4AE2-A658-753EA93F2B6C}.Debug|x86.ActiveCfg = Debug|Win32
		{ED73294A-0E01-4AE2-A658-753EA93F2B6C}.Debug|x86.Build.0 = Debug|Win32
		{ED73294A-0E01-4AE2-A658-753EA93F2B6C}.Release|x64.ActiveCfg = Release|x64
		{ED73294A-0E01-4AE2-A658-753EA93F2B6C}.Release|x64.Build.0 = Release|x64
		{ED73294A-0E01-4AE2-A658-753EA93F2B6C}.Release|x86.ActiveCfg = Release|Win32
		{ED73294A-0E01-4AE2-A658-753EA93F2B6C}.Release|x86.Build.0 = Release|Win32
		{70A307A9-507F-4B7B-BC20-9100944F6008}.Debug|x64.ActiveCfg = Debug|x64
		{70A307A9-507F-4B7B-BC20-9100944F6008}.Debug|x64.Build.0 = Debug|x64
		{70A307A9-507F-4B7B-BC20-9100944F6008}.Debug|x86.ActiveCfg = Debug|Win32
		{70A307A9-507F-4B7B-BC20-9100944F6008}.Debug|x86.Build.0 = Debug|Win32
		{70A307A9-507F-4B7B-BC20-9100944F6008}.Release|x64.ActiveCfg = Release|x64
		{70A307A9-507F-4B7B-BC20-9100944F6008}.Release|x64.Build.0 = Release|x64
		{70A307A9-507F-4B7B-BC20-9100944F6008}.Release|x86.ActiveCfg = Release|Win32
		{70A307A9-507F-4B7B-BC20-9100944F6008}.Release|x86.Build.0 = Release|Win32
		{9A3E1EAF-EED3-4E84-B925-5B38AD99C97F}.Debug|x64.ActiveCfg = Debug|x64
		{9A3E1EAF-EED3-4E84-B925-5B38AD99C97F}.Debug|x64.Build.0 = Debug|x64
		{9A3E1EAF-EED3-4E84-B925-5B38AD99C97F}.Debug|x86.ActiveCfg = Debug|Win32
		{9A3E1EAF-EED3-4E84-B925-5B38AD99C97F}.Debug|x86.Build.0 = Debug|Win32
		{9A3E1EAF-EED3-4E84-B925-5B38AD99C97F}.Release|x64.ActiveCfg = Release|x64
		{9A3E1EAF-EED3-4E84-B925-5B38AD99C97F}.Release|x64.Build.0 = Release|x64
		{9A3E1EAF-EED3-4E84-B925-5B38AD99C97F}.Release|x86.ActiveCfg = Release|Win32
		{9A3E1EAF-EED3-4E84-B925-5B38AD99C97F}.Release|x86.Build.0 = Release|Win32
		{63CDE78D-7BEA-414C-AE7D-04137B911EB0}.Debug|x64.ActiveCfg = Debug|x64
		{63CDE78D-7BEA-414C-AE7D-04137B911EB0}.Debug|x64.Build.0 = Debug|x64
		{63CDE78D-7BEA-414C-AE7D-04137B911EB0}.Debug|x86.ActiveCfg = Debug|Win32
		{63CDE78D-7BEA-414C-AE7D-04137B911EB0}.Debug|x86.Build.0 = Debug|Win32
		{63CDE78D-7BEA-414C-AE7D-04137B911EB0}.Release|x64.ActiveCfg = Release|x64
		{63CDE78D-7BEA-414C-AE7D-04137B911EB0}.Release|x64.Build.0 = Release|x64
		{63CDE78D-7BEA-414C-AE7D-04137B911EB0}.Release|x86.ActiveCfg = Release|Win32
		{63CDE78D-7BEA-414C-AE7D-04137B911EB0}.Release|x86.Build.0 = Release|Win32
		{AB1A7666-7C05-451E-8296-B963CDB14995}.Debug|x64.ActiveCfg = Debug|x64
		{AB1A7666-7C05-451E-8296-B963CDB14995}.Debug|x64.Build.0 = Debug|x64
		{AB1A7666-7C05-451E-8296-B963CDB14995}.Debug|x86.ActiveCfg = Debug|Win32
		{AB1A7666-7C05-451E-8296-B963CDB14995}.Debug|x86.Build.0 = Debug|Win32
		{AB1A7666-7C05-451E-8296-B963CDB14995}.Release|x64.ActiveCfg = Release|x64
		{AB1A7666-7C05-451E-8296-B963CDB14995}.Release|x64.Build.0 = Release|x64
		{AB1A7666-7C05-451E-8296-B963CDB14995}.Release|x86.ActiveCfg = Release|Win32
		{AB1A7666-7C05-451E-8296-B963CDB14995}.Release|x86.Build.0 = Release|Win32
		{62DD7EEB-8810-4243-900A-391C3112B574}.Debug|x64.ActiveCfg = Debug|x64
		{62DD7EEB-8810-4243-900A-391C3112B574}.Debug|x64.Build.0 = Debug|x64
		{62DD7EEB-8810-4243-900A-391C3112B574}.Debug|x86.ActiveCfg = Debug|Win32
		{62DD7EEB-8810-4243-900A-391C3112B574}.Debug|x86.Build.0 = Debug|Win32
		{62DD7EEB-8810-4243-900A-391C3112B574}.Release|x64.ActiveCfg = Release|x64
		{62DD7EEB-8810-4243-900A-391C3112B574}.Release|x64.Build.0 = Release|x64
		{62DD7EEB-8810-4243-900A-391C3112B574}.Release|x86.ActiveCfg = Release|Win32
		{62DD7EEB-8810-4243-900A-391C3112B574}.Release|x86.Build.0 = Release|Win32
		{C9DBAE5C-3829-444E-836D-5DAD9F0FA11F}.Debug|x64.ActiveCfg = Debug|x64
		{C9DBAE5C-3829-444E-836D-5DAD9F0FA11F}.Debug|x64.Build.0 = Debug|x64
		{C9DBAE5C-3829-444E-836D-5DAD9F0FA11F}.Debug|x86.ActiveCfg = Debug|Win32
		{C9DBAE5C-3829-444E-836D-5DAD9F0FA11F}.Debug|x86.Build.0 = Debug|Win32
		{C9DBAE5C-3829-444E-836D-5DAD9F0FA11F}.Release|x64.ActiveCfg = Release|x64
		{C9DBAE5C-3829-444E-836D-5DAD9F0FA11F}.Release|x64.Build.0 = Release|x64
		{C9DBAE5C-3829-444E-836D-5DAD9F0FA11F}.Release|x86.ActiveCfg = Release|Win32
		{C9DBAE5C-3829-444E-836D-5DAD9F0FA11F}.Release|x86.Build.0 = Release|Win32
		{4F7BD300-116A-4522-A2F5-4BC42D79392A}.Debug|x64.ActiveCfg = Debug|x64
		{4F7BD300-116A-4522-A2F5-4BC42D79392A}.Debug|x64.Build.0 = Debug|x64
		{4F7BD300-116A-4522-A2F5-4BC42D79392A}.Debug|x86.ActiveCfg = Debug|Win32
		{4F7BD300-116A-4522-A2F5-4BC42D79392A}.Debug|x86.Build.0 = Debug|Win32
		{4F7BD300-116A-4522-A2F5-4BC42D79392A}.Release|x64.ActiveCfg = Release|x64
		{4F7BD300-116A-4522-A2F5-4BC42D79392A}.Release|x64.Build.0 = Release|x64
		{4F7BD300-116A-4522-A2F5-4BC42D79392A}.Release|x86.ActiveCfg = Release|Win32
		{4F7BD300-116A-4522-A2F5-4BC42D79392A}.Release|x86.Build.0 = Release|Win32
		{7AF65759-E59A-4EFC-A087-5B00AE1E9108}.Debug|x64.ActiveCfg = Debug|x64
		{7AF65759-E59A-4EFC-A087-5B00AE1E9108}.Debug|x64.Build.0 = Debug|x64
		{7AF65759-E59A-4EFC-A087-5B00AE1E9108}.Debug|x86.ActiveCfg = Debug|Win32
		{7AF65759-E59A-4EFC-A087-5B00AE1E9108}.Debug|x86.Build.0 = Debug|Win32
		{7AF65759-E59A-4EFC-A087-5B00AE1E9108}.Release|x64.ActiveCfg = Release|x64
		{7AF65759-E59A-4EFC-A087-5B00AE1E9108}.Release|x64.Build.0 = Release|x64
		{7AF65759-E59A-4EFC-A087-5B00AE1E9108}.Release|x86.ActiveCfg = Release|Win32
		{7AF65759-E59A-4EFC-A087-5B00AE1E9108}.Release|x86.Build.0 = Release|Win32
		{E1569A94-3819-4CDE-BF82-F03FC6B1DAA3}.Debug|x64.ActiveCfg = Debug|x64
		{E1569A94-3819-4CDE-BF82-F03FC6B1DAA3}.Debug|x64.Build.0 = Debug|x64
		{E1569A94-3819-4CDE-BF82-F03FC6B1DAA3}.Debug|x86.ActiveCfg = Debug|Win32
		{E1569A94-3819-4CDE-BF82-F03FC6B1DAA3}.Debug|x86.Build.0 = Debug|Win32
		{E1569A94-3819-4CDE-BF82-F03FC6B1DAA3}.Release|x64.ActiveCfg = Release|x64
		{E1569A94-3819-4CDE-BF82-F03FC6B1DAA3}.Release|x64.Build.0 = Release|x64
		{E1569A94-3819-4CDE-BF82-F03FC6B1DAA3}.Release|x86.ActiveCfg = Release|Win32
		{E1569A94-3819-4CDE-BF82-F03FC6B1DAA3}.Release|x86.Build.0 = Release|Win32
		{AD7F11E7-104E-4531-B392-3688B0781CEE}.Debug|x64.ActiveCfg = Debug|x64
		{AD7F11E7-104E-4531-B392-3688B0781CEE}.Debug|x64.Build.0 = Debug|x64
		{AD7F11E7-104E-4531-B392-3688B0781CEE}.Debug|x86.ActiveCfg = Debug|Win32
		{AD7F11E7-104E-4531-B392-3688B0781CEE}.Debug|x86.Build.0 = Debug|Win32
		{AD7F11E7-104E-4531-B392-3688B0781CEE}.Release|x64.ActiveCfg = Release|x64
		{AD7F11E7-104E-4531-B392-3688B0781CEE}.Release|x64.Build.0 = Release|x64
		{AD7F11E7-104E-4531-B392-3688B0781CEE}.Release|x86.ActiveCfg = Release|Win32
		{AD7F11E7-104E-4531-B392-3688B0781CEE}.Release|x86.Build.0 = Release|Win32
		{630BDFD4-65FC-4EF8-B59B-94D03E26CA64}.Debug|x64.ActiveCfg = Debug|x64
		{630BDFD4-65FC-4EF8-B59B-94D03E26CA64}.Debug|x64.Build.0 = Debug|x64
		{630BDFD4-65FC-4EF8-B59B-94D03E26CA64}.Debug|x86.ActiveCfg = Debug|Win32
		{630BDFD4-65FC-4EF8-B59B-94D03E26CA64}.Debug|x86.Build.0 = Debug|Win32
		{630BDFD4-65FC-4EF8-B59B-94D03E26CA64}.Release|x64.ActiveCfg = Release|x64
		{630BDFD4-65FC-4EF8-B59B-94D03E26CA64}.Release|x64.Build.0 = Release|x64
		{630BDFD4-65FC-4EF8-B59B-94D03E26CA64}.Release|x86.ActiveCfg = Release|Win32
		{630BDFD4-65FC-4EF8-B59B-94D03E26CA64}.Release|x86.Build.0 = Release|Win32
		{C9AFF854-2F2C-4E60-8F68-FE5D0B2AE5BB}.Debug|x64.ActiveCfg = Debug|x64
		{C9AFF854-2F2C-4E60-8F68-FE5D0B2AE5BB}.Debug|x64.Build.0 = Debug|x64
		{C9AFF854-2F2C-4E60-8F68-FE5D0B2AE5BB}.Debug|x86.ActiveCfg = Debug|Win32
		{C9AFF854-2F2C-4E60-8F68-FE5D0B2AE5BB}.Debug|x86.Build.0 = Debug|Win32
		{C9AFF854-2F2C-4E60-8F68-FE5D0B2AE5BB}.Release|x64.ActiveCfg = Release|x64
		{C9AFF854-2F2C-4E60-8F68-FE5D0B2AE5BB}.Release|x64.Build.0 = Release|x64
		{C9AFF854-2F2C-4E60-8F68-FE5D0B2AE5BB}.Release|x86.ActiveCfg = Release|Win32
		{C9AFF854-2F2C-4E60-8F68-FE5D0B2AE5BB}.Release|x86.Build.0 = Release|Win32
		{3A95C772-7CC1-469B-ACD5-DFE3ED788E53}.Debug|x64.ActiveCfg = Debug|x64
		{3A95C772-7CC1-469B-ACD5-DFE3ED788E53}.Debug|x64.Build.0 = Debug|x64
		{3A95C772-7CC1-469B-ACD5-DFE3ED788E53}.Debug|x86.ActiveCfg = Debug|Win32
		{3A95C772-7CC1-469B-ACD5-DFE3ED788E53}.Debug|x86.Build.0 = Debug|Win32
		{3A95C772-7CC1-469B-ACD5-DFE3ED788E53}.Release|x64.ActiveCfg = Release|x64
		{3A95C772-7CC1-469B-ACD5-DFE3ED788E53}.Release|x64.Build.0 = Release|x64
		{3A95C772-7CC1-469B-ACD5-DFE3ED788E53}.Release|x86.ActiveCfg = Release|Win32
		{3A95C772-7CC1-469B-ACD5-DFE3ED788E53}.Release|x86.Build.0 = Release|Win32
		{74ABCEEE-6006-44FA-AC97-B43EC89BF7F8}.Debug|x64.ActiveCfg = Debug|x64
		{74ABCEEE-6006-44FA-AC97-B43EC89BF7F8}.Debug|x64.Build.0 = Debug|x64
		{74ABCEEE-6006-44FA-AC97-B43EC89BF7F8}.Debug|x86.ActiveCfg = Debug|Win32
		{74ABCEEE-6006-44FA-AC97-B43EC89BF7F8}.Debug|x86.Build.0 = Debug|Win32
		{74ABCEEE-6006-44FA-AC97-B43EC89BF7F8}.Release|x64.ActiveCfg = Release|x64
		{74ABCEEE-6006-44FA-AC97-B43EC89BF7F8}.Release|x64.Build.0 = Release|x64
		{74ABCEEE-6006-44FA-AC97-B43EC89BF7F8}.Release|x86.ActiveCfg = Release|Win32
		{74ABCEEE-6006-44FA-AC97-B43EC89BF7F8}.Release|x86.Build.0 = Release|Win32
		{BDF09227-47CC-4FA1-A68F-6C94D388ECE2}.Debug|x64.ActiveCfg = Debug|x64
		{BDF09227-47CC-4FA1-A68F-6C94D388ECE2}.Debug|x64.Build.0 = Debug|x64
		{BDF09227-47CC-4FA1-A68F-6C94D388ECE2}.Debug|x86.ActiveCfg = Debug|Win32
		{BDF09227-47CC-4FA1-A68F-6C94D388ECE2}.Debug|x86.Build.0 = Debug|Win32
		{BDF09227-47CC-4FA1-A68F-6C94D388ECE2}.Release|x64.ActiveCfg = Release|x64
		{BDF09227-47CC-4FA1-A68F-6C94D388ECE2}.Release|x64.Build.0 = Release|x64
		{BDF09227-47CC-4FA1-A68F-6C94D388ECE2}.Release|x86.ActiveCfg = Release|Win32
		{BDF09227-47CC-4FA1-A68F-6C94D388ECE2}.Release|x86.Build.0 = Release|Win32
		{B86EE410-68D2-4D0E-B6F0-C4479B7A927A}.Debug|x64.ActiveCfg = Debug|x64
		{B86EE410-68D2-4D0E-B6F0-C4479B7A927A}.Debug|x64.Build.0 = Debug|x64
		{B86EE410-68D2-4D0E-B6F0-C4479B7A927A}.Debug|x86.ActiveCfg = Debug|Win32
		{B86EE410-68D2-4D0E-B6F0-C4479B7A927A}.Debug|x86.Build.0 = Debug|Win32
		{B86EE410-68D2-4D0E-B6F0-C4479B7A927A}.Release|x64.ActiveCfg = Release|x64
		{B86EE410-68D2-4D0E-B6F0-C4479B7A927A}.Release|x64.Build.0 = Release|x64
		{B86EE410-68D2-4D0E-B6F0-C4479B7A927A}.Release|x86.ActiveCfg = Release|Win32
		{B86EE410-68D2-4D0E-B6F0-C4479B7A927A}.Release|x86.Build.0 = Release|Win32
		{1812626A-F00E-4E1D-8102-58D1EC6B0C03}.Debug|x64.ActiveCfg = Debug|x64
		{1812626A-F00E-4E1D-8102-58D1EC6B0C03}.Debug|x64.Build.0 = Debug|x64
		{1812626A-F00E-4E1D-8102-58D1EC6B0C03}.Debug|x86.ActiveCfg = Debug|Win32
		{1812626A-F00E-4E1D-8102-58D1EC6B0C03}.Debug|x86.Build.0 = Debug|Win32
		{1812626A-F00E-4E1D-8102-58D1EC6B0C03}.Release|x64.ActiveCfg = Release|x64
		{1812626A-F00E-4E1D-8102-58D1EC6B0C03}.Release|x64.Build.0 = Release|x64
		{1812626A-F00E-4E1D-8102-58D1EC6B0C03}.Release|x86.ActiveCfg = Release|Win32
		{1812626A-F00E-4E1D-8102-58D1EC6B0C03}.Release|x86.Build.0 = Release|Win32
		{E575914A-91A8-45D7-B566-8EDA631B46F3}.Debug|x64.ActiveCfg = Debug|x64
		{E575914A-91A8-45D7-B566-8EDA631B46F3}.Debug|x64.Build.0 = Debug|x64
		{E575914A-91A8-45D7-B566-8EDA631B46F3}.Debug|x86.ActiveCfg = Debug|Win32
		{E575914A-91A8-45D7-B566-8EDA631B46F3}.Debug|x86.Build.0 = Debug|Win32
		{E575914A-91A8-45D7-B566-8EDA631B46F3}.Release|x64.ActiveCfg = Release|x64
		{E575914A-91A8-45D7-B566-8EDA631B46F3}.Release|x64.Build.0 = Release|x64
		{E575914A-91A8-45D7-B566-8EDA631B46F3}.Release|x86.ActiveCfg = Release|Win32
		{E575914A-91A8-45D7-B566-8EDA631B46F3}.Release|x86.Build.0 = Release|Win32
		{47F67C2F-4C67-4E3D-B25F-BDEDC2BC62AF}.Debug|x64.ActiveCfg = Debug|x64
		{47F67C2F-4C67-4E3D-B25F-BDEDC2BC62AF}.Debug|x64.Build.0 = Debug|x64
		{47F67C2F-4C67-4E3D-B25F-BDEDC2BC62AF}.Debug|x86.ActiveCfg = Debug|Win32
		{47F67C2F-4C67-4E3D-B25F-BDEDC2BC62AF}.Debug|x86.Build.0 = Debug|Win32
		{47F67C2F-4C67-4E3D-B25F-BDEDC2BC62AF}.Release|x64.ActiveCfg = Release|x64
		{47F67C2F-4C67-4E3D-B25F-BDEDC2BC62AF}.Release|x64.Build.0 = Release|x64
		{47F67C2F-4C67-4E3D-B25F-BDEDC2BC62AF}.Release|x86.ActiveCfg = Release|Win32
		{47F67C2F-4C67-4E3D-B25F-BDEDC2BC62AF}.Release|x86.Build.0 = Release|Win32
		{5BF6EF38-F9F9-4DF5-8F6C-5C6312456A65}.Debug|x64.ActiveCfg = Debug|x64
		{5BF6EF38-F9F9-4DF5-8F6C-5C6312456A65}.Debug|x64.Build.0 = Debug|x64
		{5BF6EF38-F9F9-4DF5-8F6C-5C6312456A65}.Debug|x86.ActiveCfg = Debug|Win32
		{5BF6EF38-F9F9-4DF5-8F6C-5C6312456A65}.Debug|x86.Build.0 = Debug|Win32
		{5BF6EF38-F9F9-4DF5-8F6C-5C6312456A65}.Release|x64.ActiveCfg = Release|x64
		{5BF6EF38-F9F9-4DF5-8F6C-5C6312456A65}.Release|x64.Build.0 = Release|x64
		{5BF6EF38-F9F9-4DF5-8F6C-5C6312456A65}.Release|x86.ActiveCfg = Release|Win32
		{5BF6EF38-F9F9-4DF5-8F6C-5C6312456A65}.Release|x86.Build.0 = Release|Win32
		{AE1ABA4A-E4E4-498B-974D-07BEC4E1EC3E}.Debug|x64.ActiveCfg = Debug|x64
		{AE1ABA4A-E4E4-498B-974D-07BEC4E1EC3E}.Debug|x64.Build.0 = Debug|x64
		{AE1ABA4A-E4E4-498B-974D-07BEC4E1EC3E}.Debug|x86.ActiveCfg = Debug|Win32
		{AE1ABA4A-E4E4-498B-974D-07BEC4E1EC3E}.Debug|x86.Build.0 = Debug|Win32
		{AE1ABA4A-E4E4-498B-974D-07BEC4E1EC3E}.Release|x64.ActiveCfg = Release|x64
		{AE1ABA4A-E4E4-498B-974D-07BEC4E1EC3E}.Release|x64.Build.0 = Release|x64
		{AE1ABA4A-E4E4-498B-974D-07BEC4E1EC3E}.Release|x86.ActiveCfg = Release|Win32
		{AE1ABA4A-E4E4-498B-974D-07BEC4E1EC3E}.Release|x86.Build.0 = Release|Win32
		{EB2F0599-CB0B-4261-900D-13A7B1B493CD}.Debug|x64.ActiveCfg = Debug|x64
		{EB2F0599-CB0B-4261-900D-13A7B1B493CD}.Debug|x64.Build.0 = Debug|x64
		{EB2F0599-CB0B-4261-900D-13A7B1B493CD}.Debug|x86.ActiveCfg = Debug|Win32
		{EB2F0599-CB0B-4261-900D-13A7B1B493CD}.Debug|x86.Build.0 = Debug|Win32
		{EB2F0599-CB0B-4261-900D-13A7B1B493CD}.Release|x64.ActiveCfg = Release|x64
		{EB2F0599-CB0B-4261-900D-13A7B1B493CD}.Release|x64.Build.0 = Release|x64
		{EB2F0599-CB0B-4261-900D-13A7B1B493CD}.Release|x86.ActiveCfg = Release|Win32
		{EB2F0599-CB0B-4261-900D-13A7B1B493CD}.Release|x86.Build.0 = Release|Win32
		{11416ADE-6249-4F3F-8010-1C3286A41FA7}.Debug|x64.ActiveCfg = Debug|x64
		{11416ADE-6249-4F3F-8010-1C3286A41FA7}.Debug|x64.Build.0 = Debug|x64
		{11416ADE-6249-4F3F-8010-1C3286A41FA7}.Debug|x86.ActiveCfg = Debug|Win32
		{11416ADE-6249-4F3F-8010-1C3286A41FA7}.Debug|x86.Build.0 = Debug|Win32
		{11416ADE-6249-4F3F-8010-1C3286A41FA7}.Release|x64.ActiveCfg = Release|x64
		{11416ADE-6249-4F3F-8010-1C3286A41FA7}.Release|x64.Build.0 = Release|x64
		{11416ADE-6249-4F3F-8010-1C3286A41FA7}.Release|x86.ActiveCfg = Release|Win32
		{11416ADE-6249-4F3F-8010-1C3286A41FA7}.Release|x86.Build.0 = Release|Win32
	EndGlobalSection
	GlobalSection(SolutionProperties) = preSolution
		HideSolutionNode = FALSE
	EndGlobalSection
	GlobalSection(NestedProjects) = preSolution
		{09CDAF1A-1B10-4C69-BC4F-4C971034C113} = {78DF3F7F-2E29-48C3-B13F-325CACDE59C1}
		{7F5705BA-AD98-4B05-83DB-5341A7CB1DBA} = {78DF3F7F-2E29-48C3-B13F-325CACDE59C1}
		{D10EBDC2-F18C-4564-8525-939159DAA4A4} = {78DF3F7F-2E29-48C3-B13F-325CACDE59C1}
		{A36642AD-5A6D-4CDD-BA46-178DE174C604} = {78DF3F7F-2E29-48C3-B13F-325CACDE59C1}
		{121696BC-A23D-485E-9F5B-7B8EDAF064A4} = {78DF3F7F-2E29-48C3-B13F-325CACDE59C1}
		{7B4F7DD1-998D-49BA-B772-CA3477AB6E39} = {78DF3F7F-2E29-48C3-B13F-325CACDE59C1}
		{D33F5F41-5856-48BB-9CA4-FA2749858990} = {78DF3F7F-2E29-48C3-B13F-325CACDE59C1}
		{6D9A9DC2-883F-4C15-8D62-7D0087DA0699} = {78DF3F7F-2E29-48C3-B13F-325CACDE59C1}
		{9EB9781B-FA06-4508-95B8-5C3CA6DAAC2A} = {78DF3F7F-2E29-48C3-B13F-325CACDE59C1}
		{ED73294A-0E01-4AE2-A658-753EA93F2B6C} = {78DF3F7F-2E29-48C3-B13F-325CACDE59C1}
		{70A307A9-507F-4B7B-BC20-9100944F6008} = {78DF3F7F-2E29-48C3-B13F-325CACDE59C1}
		{9A3E1EAF-EED3-4E84-B925-5B38AD99C97F} = {78DF3F7F-2E29-48C3-B13F-325CACDE59C1}
		{63CDE78D-7BEA-414C-AE7D-04137B911EB0} = {78DF3F7F-2E29-48C3-B13F-325CACDE59C1}
		{AB1A7666-7C05-451E-8296-B963CDB14995} = {78DF3F7F-2E29-48C3-B13F-325CACDE59C1}
		{62DD7EEB-8810-4243-900A-391C3112B574} = {78DF3F7F-2E29-48C3-B13F-325CACDE59C1}
		{C9DBAE5C-3829-444E-836D-5DAD9F0FA11F} = {78DF3F7F-2E29-48C3-B13F-325CACDE59C1}
		{4F7BD300-116A-4522-A2F5-4BC42D79392A} = {78DF3F7F-2E29-48C3-B13F-325CACDE59C1}
		{7AF65759-E59A-4EFC-A087-5B00AE1E9108} = {78DF3F7F-2E29-48C3-B13F-325CACDE59C1}
		{E1569A94-3819-4CDE-BF82-F03FC6B1DAA3} = {02EA681E-C7D8-13C7-8484-4AC65E1B71E8}
		{AD7F11E7-104E-4531-B392-3688B0781CEE} = {02EA681E-C7D8-13C7-8484-4AC65E1B71E8}
		{630BDFD4-65FC-4EF8-B59B-94D03E26CA64} = {02EA681E-C7D8-13C7-8484-4AC65E1B71E8}
		{C9AFF854-2F2C-4E60-8F68-FE5D0B2AE5BB} = {02EA681E-C7D8-13C7-8484-4AC65E1B71E8}
		{3A95C772-7CC1-469B-ACD5-DFE3ED788E53} = {02EA681E-C7D8-13C7-8484-4AC65E1B71E8}
		{74ABCEEE-6006-44FA-AC97-B43EC89BF7F8} = {02EA681E-C7D8-13C7-8484-4AC65E1B71E8}
		{BDF09227-47CC-4FA1-A68F-6C94D388ECE2} = {02EA681E-C7D8-13C7-8484-4AC65E1B71E8}
		{B86EE410-68D2-4D0E-B6F0-C4479B7A927A} = {02EA681E-C7D8-13C7-8484-4AC65E1B71E8}
		{1812626A-F00E-4E1D-8102-58D1EC6B0C03} = {02EA681E-C7D8-13C7-8484-4AC65E1B71E8}
		{E575914A-91A8-45D7-B566-8EDA631B46F3} = {02EA681E-C7D8-13C7-8484-4AC65E1B71E8}
		{47F67C2F-4C67-4E3D-B25F-BDEDC2BC62AF} = {02EA681E-C7D8-13C7-8484-4AC65E1B71E8}
		{5BF6EF38-F9F9-4DF5-8F6C-5C6312456A65} = {02EA681E-C7D8-13C7-8484-4AC65E1B71E8}
		{AE1ABA4A-E4E4-498B-974D-07BEC4E1EC3E} = {02EA681E-C7D8-13C7-8484-4AC65E1B71E8}
		{EB2F0599-CB0B-4261-900D-13A7B1B493CD} = {02EA681E-C7D8-13C7-8484-4AC65E1B71E8}
		{11416ADE-6249-4F3F-8010-1C3286A41FA7} = {02EA681E-C7D8-13C7-8484-4AC65E1B71E8}
	EndGlobalSection
	GlobalSection(ExtensibilityGlobals) = postSolution
		SolutionGuid = {20173EFF-8B7C-4080-978D-BA0581A0A4D4}
	EndGlobalSection
EndGlobal
