
Microsoft Visual Studio Solution File, Format Version 12.00
# Visual Studio Version 17
VisualStudioVersion = 17.12.35728.132
MinimumVisualStudioVersion = 10.0.40219.1
Project("{2150E333-8FDC-42A3-9474-1A3956D46DE8}") = "01.First steps in coding", "01.First steps in coding", "{78DF3F7F-2E29-48C3-B13F-325CACDE59C1}"
EndProject
Project("{8BC9CEB8-8B4A-11D0-8D11-00A0C91BC942}") = "01.HelloSoftUni", "01.First steps in coding\01.HelloSoftUni\01.HelloSoftUni.vcxproj", "{09CDAF1A-1B10-4C69-BC4F-4C971034C113}"
EndProject
Project("{8BC9CEB8-8B4A-11D0-8D11-00A0C91BC942}") = "02.Nums1To10", "01.First steps in coding\02.Nums1To10\02.Nums1To10.vcxproj", "{7F5705BA-AD98-4B05-83DB-5341A7CB1DBA}"
EndProject
Project("{8BC9CEB8-8B4A-11D0-8D11-00A0C91BC942}") = "03.RectangleArea", "01.First steps in coding\03.RectangleArea\03.RectangleArea.vcxproj", "{D10EBDC2-F18C-4564-8525-939159DAA4A4}"
EndProject
Project("{8BC9CEB8-8B4A-11D0-8D11-00A0C91BC942}") = "04.InchToCm", "01.First steps in coding\04.InchToCm\04.InchToCm.vcxproj", "{A36642AD-5A6D-4CDD-BA46-178DE174C604}"
EndProject
Project("{8BC9CEB8-8B4A-11D0-8D11-00A0C91BC942}") = "05.GreetingByName", "01.First steps in coding\05.GreetingByName\05.GreetingByName.vcxproj", "{121696BC-A23D-485E-9F5B-7B8EDAF064A4}"
EndProject
Project("{8BC9CEB8-8B4A-11D0-8D11-00A0C91BC942}") = "06.ConcatenateData", "01.First steps in coding\06.ConcatenateData\06.ConcatenateData.vcxproj", "{7B4F7DD1-998D-49BA-B772-CA3477AB6E39}"
EndProject
Project("{8BC9CEB8-8B4A-11D0-8D11-00A0C91BC942}") = "07.ProjectsCreation", "01.First steps in coding\07.ProjectsCreation\07.ProjectsCreation.vcxproj", "{D33F5F41-5856-48BB-9CA4-FA2749858990}"
EndProject
Project("{8BC9CEB8-8B4A-11D0-8D11-00A0C91BC942}") = "08.PetShop", "01.First steps in coding\08.PetShop\08.PetShop.vcxproj", "{6D9A9DC2-883F-4C15-8D62-7D0087DA0699}"
EndProject
Project("{8BC9CEB8-8B4A-11D0-8D11-00A0C91BC942}") = "09.YardGreening", "01.First steps in coding\09.YardGreening\09.YardGreening.vcxproj", "{9EB9781B-FA06-4508-95B8-5C3CA6DAAC2A}"
EndProject
Project("{8BC9CEB8-8B4A-11D0-8D11-00A0C91BC942}") = "01.1.USDToBGN", "01.First steps in coding\01.1.USDToBGN\01.1.USDToBGN.vcxproj", "{ED73294A-0E01-4AE2-A658-753EA93F2B6C}"
EndProject
Project("{8BC9CEB8-8B4A-11D0-8D11-00A0C91BC942}") = "01.2.RadiansToDegrees", "01.First steps in coding\01.2.RadiansToDegrees\01.2.RadiansToDegrees.vcxproj", "{70A307A9-507F-4B7B-BC20-9100944F6008}"
EndProject
Project("{8BC9CEB8-8B4A-11D0-8D11-00A0C91BC942}") = "01.3.DepositCalculator", "01.First steps in coding\01.3.DepositCalculator\01.3.DepositCalculator.vcxproj", "{9A3E1EAF-EED3-4E84-B925-5B38AD99C97F}"
EndProject
Global
	GlobalSection(SolutionConfigurationPlatforms) = preSolution
		Debug|x64 = Debug|x64
		Debug|x86 = Debug|x86
		Release|x64 = Release|x64
		Release|x86 = Release|x86
	EndGlobalSection
	GlobalSection(ProjectConfigurationPlatforms) = postSolution
		{09CDAF1A-1B10-4C69-BC4F-4C971034C113}.Debug|x64.ActiveCfg = Debug|x64
		{09CDAF1A-1B10-4C69-BC4F-4C971034C113}.Debug|x64.Build.0 = Debug|x64
		{09CDAF1A-1B10-4C69-BC4F-4C971034C113}.Debug|x86.ActiveCfg = Debug|Win32
		{09CDAF1A-1B10-4C69-BC4F-4C971034C113}.Debug|x86.Build.0 = Debug|Win32
		{09CDAF1A-1B10-4C69-BC4F-4C971034C113}.Release|x64.ActiveCfg = Release|x64
		{09CDAF1A-1B10-4C69-BC4F-4C971034C113}.Release|x64.Build.0 = Release|x64
		{09CDAF1A-1B10-4C69-BC4F-4C971034C113}.Release|x86.ActiveCfg = Release|Win32
		{09CDAF1A-1B10-4C69-BC4F-4C971034C113}.Release|x86.Build.0 = Release|Win32
		{7F5705BA-AD98-4B05-83DB-5341A7CB1DBA}.Debug|x64.ActiveCfg = Debug|x64
		{7F5705BA-AD98-4B05-83DB-5341A7CB1DBA}.Debug|x64.Build.0 = Debug|x64
		{7F5705BA-AD98-4B05-83DB-5341A7CB1DBA}.Debug|x86.ActiveCfg = Debug|Win32
		{7F5705BA-AD98-4B05-83DB-5341A7CB1DBA}.Debug|x86.Build.0 = Debug|Win32
		{7F5705BA-AD98-4B05-83DB-5341A7CB1DBA}.Release|x64.ActiveCfg = Release|x64
		{7F5705BA-AD98-4B05-83DB-5341A7CB1DBA}.Release|x64.Build.0 = Release|x64
		{7F5705BA-AD98-4B05-83DB-5341A7CB1DBA}.Release|x86.ActiveCfg = Release|Win32
		{7F5705BA-AD98-4B05-83DB-5341A7CB1DBA}.Release|x86.Build.0 = Release|Win32
		{D10EBDC2-F18C-4564-8525-939159DAA4A4}.Debug|x64.ActiveCfg = Debug|x64
		{D10EBDC2-F18C-4564-8525-939159DAA4A4}.Debug|x64.Build.0 = Debug|x64
		{D10EBDC2-F18C-4564-8525-939159DAA4A4}.Debug|x86.ActiveCfg = Debug|Win32
		{D10EBDC2-F18C-4564-8525-939159DAA4A4}.Debug|x86.Build.0 = Debug|Win32
		{D10EBDC2-F18C-4564-8525-939159DAA4A4}.Release|x64.ActiveCfg = Release|x64
		{D10EBDC2-F18C-4564-8525-939159DAA4A4}.Release|x64.Build.0 = Release|x64
		{D10EBDC2-F18C-4564-8525-939159DAA4A4}.Release|x86.ActiveCfg = Release|Win32
		{D10EBDC2-F18C-4564-8525-939159DAA4A4}.Release|x86.Build.0 = Release|Win32
		{A36642AD-5A6D-4CDD-BA46-178DE174C604}.Debug|x64.ActiveCfg = Debug|x64
		{A36642AD-5A6D-4CDD-BA46-178DE174C604}.Debug|x64.Build.0 = Debug|x64
		{A36642AD-5A6D-4CDD-BA46-178DE174C604}.Debug|x86.ActiveCfg = Debug|Win32
		{A36642AD-5A6D-4CDD-BA46-178DE174C604}.Debug|x86.Build.0 = Debug|Win32
		{A36642AD-5A6D-4CDD-BA46-178DE174C604}.Release|x64.ActiveCfg = Release|x64
		{A36642AD-5A6D-4CDD-BA46-178DE174C604}.Release|x64.Build.0 = Release|x64
		{A36642AD-5A6D-4CDD-BA46-178DE174C604}.Release|x86.ActiveCfg = Release|Win32
		{A36642AD-5A6D-4CDD-BA46-178DE174C604}.Release|x86.Build.0 = Release|Win32
		{121696BC-A23D-485E-9F5B-7B8EDAF064A4}.Debug|x64.ActiveCfg = Debug|x64
		{121696BC-A23D-485E-9F5B-7B8EDAF064A4}.Debug|x64.Build.0 = Debug|x64
		{121696BC-A23D-485E-9F5B-7B8EDAF064A4}.Debug|x86.ActiveCfg = Debug|Win32
		{121696BC-A23D-485E-9F5B-7B8EDAF064A4}.Debug|x86.Build.0 = Debug|Win32
		{121696BC-A23D-485E-9F5B-7B8EDAF064A4}.Release|x64.ActiveCfg = Release|x64
		{121696BC-A23D-485E-9F5B-7B8EDAF064A4}.Release|x64.Build.0 = Release|x64
		{121696BC-A23D-485E-9F5B-7B8EDAF064A4}.Release|x86.ActiveCfg = Release|Win32
		{121696BC-A23D-485E-9F5B-7B8EDAF064A4}.Release|x86.Build.0 = Release|Win32
		{7B4F7DD1-998D-49BA-B772-CA3477AB6E39}.Debug|x64.ActiveCfg = Debug|x64
		{7B4F7DD1-998D-49BA-B772-CA3477AB6E39}.Debug|x64.Build.0 = Debug|x64
		{7B4F7DD1-998D-49BA-B772-CA3477AB6E39}.Debug|x86.ActiveCfg = Debug|Win32
		{7B4F7DD1-998D-49BA-B772-CA3477AB6E39}.Debug|x86.Build.0 = Debug|Win32
		{7B4F7DD1-998D-49BA-B772-CA3477AB6E39}.Release|x64.ActiveCfg = Release|x64
		{7B4F7DD1-998D-49BA-B772-CA3477AB6E39}.Release|x64.Build.0 = Release|x64
		{7B4F7DD1-998D-49BA-B772-CA3477AB6E39}.Release|x86.ActiveCfg = Release|Win32
		{7B4F7DD1-998D-49BA-B772-CA3477AB6E39}.Release|x86.Build.0 = Release|Win32
		{D33F5F41-5856-48BB-9CA4-FA2749858990}.Debug|x64.ActiveCfg = Debug|x64
		{D33F5F41-5856-48BB-9CA4-FA2749858990}.Debug|x64.Build.0 = Debug|x64
		{D33F5F41-5856-48BB-9CA4-FA2749858990}.Debug|x86.ActiveCfg = Debug|Win32
		{D33F5F41-5856-48BB-9CA4-FA2749858990}.Debug|x86.Build.0 = Debug|Win32
		{D33F5F41-5856-48BB-9CA4-FA2749858990}.Release|x64.ActiveCfg = Release|x64
		{D33F5F41-5856-48BB-9CA4-FA2749858990}.Release|x64.Build.0 = Release|x64
		{D33F5F41-5856-48BB-9CA4-FA2749858990}.Release|x86.ActiveCfg = Release|Win32
		{D33F5F41-5856-48BB-9CA4-FA2749858990}.Release|x86.Build.0 = Release|Win32
		{6D9A9DC2-883F-4C15-8D62-7D0087DA0699}.Debug|x64.ActiveCfg = Debug|x64
		{6D9A9DC2-883F-4C15-8D62-7D0087DA0699}.Debug|x64.Build.0 = Debug|x64
		{6D9A9DC2-883F-4C15-8D62-7D0087DA0699}.Debug|x86.ActiveCfg = Debug|Win32
		{6D9A9DC2-883F-4C15-8D62-7D0087DA0699}.Debug|x86.Build.0 = Debug|Win32
		{6D9A9DC2-883F-4C15-8D62-7D0087DA0699}.Release|x64.ActiveCfg = Release|x64
		{6D9A9DC2-883F-4C15-8D62-7D0087DA0699}.Release|x64.Build.0 = Release|x64
		{6D9A9DC2-883F-4C15-8D62-7D0087DA0699}.Release|x86.ActiveCfg = Release|Win32
		{6D9A9DC2-883F-4C15-8D62-7D0087DA0699}.Release|x86.Build.0 = Release|Win32
		{9EB9781B-FA06-4508-95B8-5C3CA6DAAC2A}.Debug|x64.ActiveCfg = Debug|x64
		{9EB9781B-FA06-4508-95B8-5C3CA6DAAC2A}.Debug|x64.Build.0 = Debug|x64
		{9EB9781B-FA06-4508-95B8-5C3CA6DAAC2A}.Debug|x86.ActiveCfg = Debug|Win32
		{9EB9781B-FA06-4508-95B8-5C3CA6DAAC2A}.Debug|x86.Build.0 = Debug|Win32
		{9EB9781B-FA06-4508-95B8-5C3CA6DAAC2A}.Release|x64.ActiveCfg = Release|x64
		{9EB9781B-FA06-4508-95B8-5C3CA6DAAC2A}.Release|x64.Build.0 = Release|x64
		{9EB9781B-FA06-4508-95B8-5C3CA6DAAC2A}.Release|x86.ActiveCfg = Release|Win32
		{9EB9781B-FA06-4508-95B8-5C3CA6DAAC2A}.Release|x86.Build.0 = Release|Win32
		{ED73294A-0E01-4AE2-A658-753EA93F2B6C}.Debug|x64.ActiveCfg = Debug|x64
		{ED73294A-0E01-4AE2-A658-753EA93F2B6C}.Debug|x64.Build.0 = Debug|x64
		{ED73294A-0E01-4AE2-A658-753EA93F2B6C}.Debug|x86.ActiveCfg = Debug|Win32
		{ED73294A-0E01-4AE2-A658-753EA93F2B6C}.Debug|x86.Build.0 = Debug|Win32
		{ED73294A-0E01-4AE2-A658-753EA93F2B6C}.Release|x64.ActiveCfg = Release|x64
		{ED73294A-0E01-4AE2-A658-753EA93F2B6C}.Release|x64.Build.0 = Release|x64
		{ED73294A-0E01-4AE2-A658-753EA93F2B6C}.Release|x86.ActiveCfg = Release|Win32
		{ED73294A-0E01-4AE2-A658-753EA93F2B6C}.Release|x86.Build.0 = Release|Win32
		{70A307A9-507F-4B7B-BC20-9100944F6008}.Debug|x64.ActiveCfg = Debug|x64
		{70A307A9-507F-4B7B-BC20-9100944F6008}.Debug|x64.Build.0 = Debug|x64
		{70A307A9-507F-4B7B-BC20-9100944F6008}.Debug|x86.ActiveCfg = Debug|Win32
		{70A307A9-507F-4B7B-BC20-9100944F6008}.Debug|x86.Build.0 = Debug|Win32
		{70A307A9-507F-4B7B-BC20-9100944F6008}.Release|x64.ActiveCfg = Release|x64
		{70A307A9-507F-4B7B-BC20-9100944F6008}.Release|x64.Build.0 = Release|x64
		{70A307A9-507F-4B7B-BC20-9100944F6008}.Release|x86.ActiveCfg = Release|Win32
		{70A307A9-507F-4B7B-BC20-9100944F6008}.Release|x86.Build.0 = Release|Win32
		{9A3E1EAF-EED3-4E84-B925-5B38AD99C97F}.Debug|x64.ActiveCfg = Debug|x64
		{9A3E1EAF-EED3-4E84-B925-5B38AD99C97F}.Debug|x64.Build.0 = Debug|x64
		{9A3E1EAF-EED3-4E84-B925-5B38AD99C97F}.Debug|x86.ActiveCfg = Debug|Win32
		{9A3E1EAF-EED3-4E84-B925-5B38AD99C97F}.Debug|x86.Build.0 = Debug|Win32
		{9A3E1EAF-EED3-4E84-B925-5B38AD99C97F}.Release|x64.ActiveCfg = Release|x64
		{9A3E1EAF-EED3-4E84-B925-5B38AD99C97F}.Release|x64.Build.0 = Release|x64
		{9A3E1EAF-EED3-4E84-B925-5B38AD99C97F}.Release|x86.ActiveCfg = Release|Win32
		{9A3E1EAF-EED3-4E84-B925-5B38AD99C97F}.Release|x86.Build.0 = Release|Win32
	EndGlobalSection
	GlobalSection(SolutionProperties) = preSolution
		HideSolutionNode = FALSE
	EndGlobalSection
	GlobalSection(NestedProjects) = preSolution
		{09CDAF1A-1B10-4C69-BC4F-4C971034C113} = {78DF3F7F-2E29-48C3-B13F-325CACDE59C1}
		{7F5705BA-AD98-4B05-83DB-5341A7CB1DBA} = {78DF3F7F-2E29-48C3-B13F-325CACDE59C1}
		{D10EBDC2-F18C-4564-8525-939159DAA4A4} = {78DF3F7F-2E29-48C3-B13F-325CACDE59C1}
		{A36642AD-5A6D-4CDD-BA46-178DE174C604} = {78DF3F7F-2E29-48C3-B13F-325CACDE59C1}
		{121696BC-A23D-485E-9F5B-7B8EDAF064A4} = {78DF3F7F-2E29-48C3-B13F-325CACDE59C1}
		{7B4F7DD1-998D-49BA-B772-CA3477AB6E39} = {78DF3F7F-2E29-48C3-B13F-325CACDE59C1}
		{D33F5F41-5856-48BB-9CA4-FA2749858990} = {78DF3F7F-2E29-48C3-B13F-325CACDE59C1}
		{6D9A9DC2-883F-4C15-8D62-7D0087DA0699} = {78DF3F7F-2E29-48C3-B13F-325CACDE59C1}
		{9EB9781B-FA06-4508-95B8-5C3CA6DAAC2A} = {78DF3F7F-2E29-48C3-B13F-325CACDE59C1}
		{ED73294A-0E01-4AE2-A658-753EA93F2B6C} = {78DF3F7F-2E29-48C3-B13F-325CACDE59C1}
		{70A307A9-507F-4B7B-BC20-9100944F6008} = {78DF3F7F-2E29-48C3-B13F-325CACDE59C1}
		{9A3E1EAF-EED3-4E84-B925-5B38AD99C97F} = {78DF3F7F-2E29-48C3-B13F-325CACDE59C1}
	EndGlobalSection
	GlobalSection(ExtensibilityGlobals) = postSolution
		SolutionGuid = {20173EFF-8B7C-4080-978D-BA0581A0A4D4}
	EndGlobalSection
EndGlobal
